
Microsoft Visual Studio Solution File, Format Version 12.00
# Visual Studio Version 17
VisualStudioVersion = 17.11.35222.181
MinimumVisualStudioVersion = 10.0.40219.1
Project("{FAE04EC0-301F-11D3-BF4B-00C04F79EFBC}") = "GetNumberFromUser", "GetNumberFromUser\GetNumberFromUser.csproj", "{223F63D9-07A8-449B-9F5B-20008C3B0876}"
EndProject
Global
	GlobalSection(SolutionConfigurationPlatforms) = preSolution
		Debug|Any CPU = Debug|Any CPU
		Release|Any CPU = Release|Any CPU
	EndGlobalSection
	GlobalSection(ProjectConfigurationPlatforms) = postSolution
		{223F63D9-07A8-449B-9F5B-20008C3B0876}.Debug|Any CPU.ActiveCfg = Debug|Any CPU
		{223F63D9-07A8-449B-9F5B-20008C3B0876}.Debug|Any CPU.Build.0 = Debug|Any CPU
		{223F63D9-07A8-449B-9F5B-20008C3B0876}.Release|Any CPU.ActiveCfg = Release|Any CPU
		{223F63D9-07A8-449B-9F5B-20008C3B0876}.Release|Any CPU.Build.0 = Release|Any CPU
	EndGlobalSection
	GlobalSection(SolutionProperties) = preSolution
		HideSolutionNode = FALSE
	EndGlobalSection
	GlobalSection(ExtensibilityGlobals) = postSolution
		SolutionGuid = {0F6AF933-3715-4242-85D1-70E0A8629394}
	EndGlobalSection
EndGlobal
