
Microsoft Visual Studio Solution File, Format Version 12.00
# Visual Studio Version 17
VisualStudioVersion = 17.11.35222.181
MinimumVisualStudioVersion = 10.0.40219.1
Project("{FAE04EC0-301F-11D3-BF4B-00C04F79EFBC}") = "ÖvningUML", "ÖvningUML\ÖvningUML.csproj", "{7959F2DD-0EF9-437A-939E-C79A35C4BF95}"
EndProject
Global
	GlobalSection(SolutionConfigurationPlatforms) = preSolution
		Debug|Any CPU = Debug|Any CPU
		Release|Any CPU = Release|Any CPU
	EndGlobalSection
	GlobalSection(ProjectConfigurationPlatforms) = postSolution
		{7959F2DD-0EF9-437A-939E-C79A35C4BF95}.Debug|Any CPU.ActiveCfg = Debug|Any CPU
		{7959F2DD-0EF9-437A-939E-C79A35C4BF95}.Debug|Any CPU.Build.0 = Debug|Any CPU
		{7959F2DD-0EF9-437A-939E-C79A35C4BF95}.Release|Any CPU.ActiveCfg = Release|Any CPU
		{7959F2DD-0EF9-437A-939E-C79A35C4BF95}.Release|Any CPU.Build.0 = Release|Any CPU
	EndGlobalSection
	GlobalSection(SolutionProperties) = preSolution
		HideSolutionNode = FALSE
	EndGlobalSection
	GlobalSection(ExtensibilityGlobals) = postSolution
		SolutionGuid = {804B67E2-8793-4EF7-94BB-4D3BCB7C3587}
	EndGlobalSection
EndGlobal
