
Microsoft Visual Studio Solution File, Format Version 12.00
# Visual Studio Version 17
VisualStudioVersion = 17.11.35222.181
MinimumVisualStudioVersion = 10.0.40219.1
Project("{FAE04EC0-301F-11D3-BF4B-00C04F79EFBC}") = "Methodsövningarnybörjare1", "Methodsövningarnybörjare1\Methodsövningarnybörjare1.csproj", "{AB93C7C4-F4AF-47D6-AFC6-F23029154BAE}"
EndProject
Global
	GlobalSection(SolutionConfigurationPlatforms) = preSolution
		Debug|Any CPU = Debug|Any CPU
		Release|Any CPU = Release|Any CPU
	EndGlobalSection
	GlobalSection(ProjectConfigurationPlatforms) = postSolution
		{AB93C7C4-F4AF-47D6-AFC6-F23029154BAE}.Debug|Any CPU.ActiveCfg = Debug|Any CPU
		{AB93C7C4-F4AF-47D6-AFC6-F23029154BAE}.Debug|Any CPU.Build.0 = Debug|Any CPU
		{AB93C7C4-F4AF-47D6-AFC6-F23029154BAE}.Release|Any CPU.ActiveCfg = Release|Any CPU
		{AB93C7C4-F4AF-47D6-AFC6-F23029154BAE}.Release|Any CPU.Build.0 = Release|Any CPU
	EndGlobalSection
	GlobalSection(SolutionProperties) = preSolution
		HideSolutionNode = FALSE
	EndGlobalSection
	GlobalSection(ExtensibilityGlobals) = postSolution
		SolutionGuid = {9165ECAE-0D6D-453F-9605-7C0B3E066665}
	EndGlobalSection
EndGlobal
