
Microsoft Visual Studio Solution File, Format Version 12.00
# Visual Studio Version 17
VisualStudioVersion = 17.11.35222.181
MinimumVisualStudioVersion = 10.0.40219.1
Project("{FAE04EC0-301F-11D3-BF4B-00C04F79EFBC}") = "Intermediate3", "Intermediate3\Intermediate3.csproj", "{DD418AAD-F73D-4313-A775-FC51F5217957}"
EndProject
Global
	GlobalSection(SolutionConfigurationPlatforms) = preSolution
		Debug|Any CPU = Debug|Any CPU
		Release|Any CPU = Release|Any CPU
	EndGlobalSection
	GlobalSection(ProjectConfigurationPlatforms) = postSolution
		{DD418AAD-F73D-4313-A775-FC51F5217957}.Debug|Any CPU.ActiveCfg = Debug|Any CPU
		{DD418AAD-F73D-4313-A775-FC51F5217957}.Debug|Any CPU.Build.0 = Debug|Any CPU
		{DD418AAD-F73D-4313-A775-FC51F5217957}.Release|Any CPU.ActiveCfg = Release|Any CPU
		{DD418AAD-F73D-4313-A775-FC51F5217957}.Release|Any CPU.Build.0 = Release|Any CPU
	EndGlobalSection
	GlobalSection(SolutionProperties) = preSolution
		HideSolutionNode = FALSE
	EndGlobalSection
	GlobalSection(ExtensibilityGlobals) = postSolution
		SolutionGuid = {4B76919A-02B6-4529-81C0-ECCF9C659C2D}
	EndGlobalSection
EndGlobal
