
Microsoft Visual Studio Solution File, Format Version 12.00
# Visual Studio Version 17
VisualStudioVersion = 17.11.35222.181
MinimumVisualStudioVersion = 10.0.40219.1
Project("{FAE04EC0-301F-11D3-BF4B-00C04F79EFBC}") = "Intermediate1", "Intermediate1\Intermediate1.csproj", "{EBC0A3AF-5BBC-44C3-8F0C-A221D698FB70}"
EndProject
Global
	GlobalSection(SolutionConfigurationPlatforms) = preSolution
		Debug|Any CPU = Debug|Any CPU
		Release|Any CPU = Release|Any CPU
	EndGlobalSection
	GlobalSection(ProjectConfigurationPlatforms) = postSolution
		{EBC0A3AF-5BBC-44C3-8F0C-A221D698FB70}.Debug|Any CPU.ActiveCfg = Debug|Any CPU
		{EBC0A3AF-5BBC-44C3-8F0C-A221D698FB70}.Debug|Any CPU.Build.0 = Debug|Any CPU
		{EBC0A3AF-5BBC-44C3-8F0C-A221D698FB70}.Release|Any CPU.ActiveCfg = Release|Any CPU
		{EBC0A3AF-5BBC-44C3-8F0C-A221D698FB70}.Release|Any CPU.Build.0 = Release|Any CPU
	EndGlobalSection
	GlobalSection(SolutionProperties) = preSolution
		HideSolutionNode = FALSE
	EndGlobalSection
	GlobalSection(ExtensibilityGlobals) = postSolution
		SolutionGuid = {C92B999F-0411-45DB-9FAD-159AF9EAE1BC}
	EndGlobalSection
EndGlobal
