
Microsoft Visual Studio Solution File, Format Version 12.00
# Visual Studio Version 17
VisualStudioVersion = 17.11.35222.181
MinimumVisualStudioVersion = 10.0.40219.1
Project("{FAE04EC0-301F-11D3-BF4B-00C04F79EFBC}") = "Intermediate5", "Intermediate5\Intermediate5.csproj", "{AC13E575-F4C6-49CD-834B-E50ABA87A757}"
EndProject
Global
	GlobalSection(SolutionConfigurationPlatforms) = preSolution
		Debug|Any CPU = Debug|Any CPU
		Release|Any CPU = Release|Any CPU
	EndGlobalSection
	GlobalSection(ProjectConfigurationPlatforms) = postSolution
		{AC13E575-F4C6-49CD-834B-E50ABA87A757}.Debug|Any CPU.ActiveCfg = Debug|Any CPU
		{AC13E575-F4C6-49CD-834B-E50ABA87A757}.Debug|Any CPU.Build.0 = Debug|Any CPU
		{AC13E575-F4C6-49CD-834B-E50ABA87A757}.Release|Any CPU.ActiveCfg = Release|Any CPU
		{AC13E575-F4C6-49CD-834B-E50ABA87A757}.Release|Any CPU.Build.0 = Release|Any CPU
	EndGlobalSection
	GlobalSection(SolutionProperties) = preSolution
		HideSolutionNode = FALSE
	EndGlobalSection
	GlobalSection(ExtensibilityGlobals) = postSolution
		SolutionGuid = {02BC310D-0EA4-4DDA-BA2D-DC9160A796A1}
	EndGlobalSection
EndGlobal
